
Microsoft Visual Studio Solution File, Format Version 12.00
# Visual Studio 2013
VisualStudioVersion = 12.0.30501.0
MinimumVisualStudioVersion = 10.0.40219.1
Project("{FAE04EC0-301F-11D3-BF4B-00C04F79EFBC}") = "NuSet", "NuSet\NuSet.csproj", "{A7FB41B9-CA28-466D-98E7-60EFA08D12C0}"
EndProject
Project("{FAE04EC0-301F-11D3-BF4B-00C04F79EFBC}") = "NuSet_IntegrationTests", "NuSet\NuSet_IntegrationTests\NuSet_IntegrationTests.csproj", "{DCAAD674-7708-404C-BAE7-A24823D194E0}"
EndProject
Project("{2150E333-8FDC-42A3-9474-1A3956D46DE8}") = "Solution Items", "Solution Items", "{A77A42CD-C430-4F71-9B5B-89C767A4C328}"
	ProjectSection(SolutionItems) = preProject
		IntegrationTests.testsettings = IntegrationTests.testsettings
		UnitTests.testsettings = UnitTests.testsettings
	EndProjectSection
EndProject
Project("{FAE04EC0-301F-11D3-BF4B-00C04F79EFBC}") = "NuSet_UnitTests", "NuSet\NuSet_UnitTests\NuSet_UnitTests.csproj", "{BD0423EA-1FA4-4ED5-B230-B92C7D890128}"
EndProject
Global
	GlobalSection(SolutionConfigurationPlatforms) = preSolution
		Debug|Any CPU = Debug|Any CPU
		Release|Any CPU = Release|Any CPU
	EndGlobalSection
	GlobalSection(ProjectConfigurationPlatforms) = postSolution
		{A7FB41B9-CA28-466D-98E7-60EFA08D12C0}.Debug|Any CPU.ActiveCfg = Debug|Any CPU
		{A7FB41B9-CA28-466D-98E7-60EFA08D12C0}.Debug|Any CPU.Build.0 = Debug|Any CPU
		{A7FB41B9-CA28-466D-98E7-60EFA08D12C0}.Release|Any CPU.ActiveCfg = Release|Any CPU
		{A7FB41B9-CA28-466D-98E7-60EFA08D12C0}.Release|Any CPU.Build.0 = Release|Any CPU
		{DCAAD674-7708-404C-BAE7-A24823D194E0}.Debug|Any CPU.ActiveCfg = Debug|Any CPU
		{DCAAD674-7708-404C-BAE7-A24823D194E0}.Debug|Any CPU.Build.0 = Debug|Any CPU
		{DCAAD674-7708-404C-BAE7-A24823D194E0}.Release|Any CPU.ActiveCfg = Release|Any CPU
		{DCAAD674-7708-404C-BAE7-A24823D194E0}.Release|Any CPU.Build.0 = Release|Any CPU
		{BD0423EA-1FA4-4ED5-B230-B92C7D890128}.Debug|Any CPU.ActiveCfg = Debug|Any CPU
		{BD0423EA-1FA4-4ED5-B230-B92C7D890128}.Debug|Any CPU.Build.0 = Debug|Any CPU
		{BD0423EA-1FA4-4ED5-B230-B92C7D890128}.Release|Any CPU.ActiveCfg = Release|Any CPU
		{BD0423EA-1FA4-4ED5-B230-B92C7D890128}.Release|Any CPU.Build.0 = Release|Any CPU
	EndGlobalSection
	GlobalSection(SolutionProperties) = preSolution
		HideSolutionNode = FALSE
	EndGlobalSection
EndGlobal
